
Microsoft Visual Studio Solution File, Format Version 12.00
# Visual Studio Version 16
VisualStudioVersion = 16.0.32802.440
MinimumVisualStudioVersion = 10.0.40219.1
Project("{9A19103F-16F7-4668-BE54-9A1E7A4F7556}") = "DenominationCalculatorAPI", "DenominationCalculatorAPI\DenominationCalculatorAPI.csproj", "{E426B815-7E5B-47FF-A962-111C1EECBF1E}"
EndProject
Project("{FAE04EC0-301F-11D3-BF4B-00C04F79EFBC}") = "DenominationCalculatorAPITest", "DenominationCalculatorAPITest\DenominationCalculatorAPITest.csproj", "{C6AE2E68-1147-472A-B2DE-F82EE4D3EA13}"
EndProject
Global
	GlobalSection(SolutionConfigurationPlatforms) = preSolution
		Debug|Any CPU = Debug|Any CPU
		Release|Any CPU = Release|Any CPU
	EndGlobalSection
	GlobalSection(ProjectConfigurationPlatforms) = postSolution
		{E426B815-7E5B-47FF-A962-111C1EECBF1E}.Debug|Any CPU.ActiveCfg = Debug|Any CPU
		{E426B815-7E5B-47FF-A962-111C1EECBF1E}.Debug|Any CPU.Build.0 = Debug|Any CPU
		{E426B815-7E5B-47FF-A962-111C1EECBF1E}.Release|Any CPU.ActiveCfg = Release|Any CPU
		{E426B815-7E5B-47FF-A962-111C1EECBF1E}.Release|Any CPU.Build.0 = Release|Any CPU
		{C6AE2E68-1147-472A-B2DE-F82EE4D3EA13}.Debug|Any CPU.ActiveCfg = Debug|Any CPU
		{C6AE2E68-1147-472A-B2DE-F82EE4D3EA13}.Debug|Any CPU.Build.0 = Debug|Any CPU
		{C6AE2E68-1147-472A-B2DE-F82EE4D3EA13}.Release|Any CPU.ActiveCfg = Release|Any CPU
		{C6AE2E68-1147-472A-B2DE-F82EE4D3EA13}.Release|Any CPU.Build.0 = Release|Any CPU
	EndGlobalSection
	GlobalSection(SolutionProperties) = preSolution
		HideSolutionNode = FALSE
	EndGlobalSection
	GlobalSection(ExtensibilityGlobals) = postSolution
		SolutionGuid = {91839612-B81D-4C69-AAE3-B52224A2DDB3}
	EndGlobalSection
EndGlobal
